
Microsoft Visual Studio Solution File, Format Version 12.00
# Visual Studio Version 17
VisualStudioVersion = 17.0.32112.339
MinimumVisualStudioVersion = 10.0.40219.1
Project("{FAE04EC0-301F-11D3-BF4B-00C04F79EFBC}") = "FurnitureShop", "FurnitureShop\FurnitureShop.csproj", "{C870C654-E766-4452-B977-90F94B50BEA1}"
EndProject
Global
	GlobalSection(SolutionConfigurationPlatforms) = preSolution
		Debug|Any CPU = Debug|Any CPU
		Release|Any CPU = Release|Any CPU
	EndGlobalSection
	GlobalSection(ProjectConfigurationPlatforms) = postSolution
		{C870C654-E766-4452-B977-90F94B50BEA1}.Debug|Any CPU.ActiveCfg = Debug|Any CPU
		{C870C654-E766-4452-B977-90F94B50BEA1}.Debug|Any CPU.Build.0 = Debug|Any CPU
		{C870C654-E766-4452-B977-90F94B50BEA1}.Release|Any CPU.ActiveCfg = Release|Any CPU
		{C870C654-E766-4452-B977-90F94B50BEA1}.Release|Any CPU.Build.0 = Release|Any CPU
	EndGlobalSection
	GlobalSection(SolutionProperties) = preSolution
		HideSolutionNode = FALSE
	EndGlobalSection
	GlobalSection(ExtensibilityGlobals) = postSolution
		SolutionGuid = {556E4AF0-339B-452A-A1FA-EAD82DB3C352}
	EndGlobalSection
EndGlobal
